# THIS IS AN AUTOGENERATED FILE. DO NOT EDIT THIS FILE DIRECTLY.
# yarn lockfile v1


"@types/prop-types@*":
  version "15.7.0"
  resolved "https://registry.yarnpkg.com/@types/prop-types/-/prop-types-15.7.0.tgz#4c48fed958d6dcf9487195a0ef6456d5f6e0163a"
  integrity sha512-eItQyV43bj4rR3JPV0Skpl1SncRCdziTEK9/v8VwXmV6d/qOUO8/EuWeHBbCZcsfSHfzI5UyMJLCSXtxxznyZg==

"@types/react-dom@^16.0.0":
  version "16.8.2"
  resolved "https://registry.yarnpkg.com/@types/react-dom/-/react-dom-16.8.2.tgz#9bd7d33f908b243ff0692846ef36c81d4941ad12"
  integrity sha512-MX7n1wq3G/De15RGAAqnmidzhr2Y9O/ClxPxyqaNg96pGyeXUYPSvujgzEVpLo9oIP4Wn1UETl+rxTN02KEpBw==
  dependencies:
    "@types/react" "*"

"@types/react@*", "@types/react@16.9.36":
  version "16.9.36"
  resolved "https://registry.yarnpkg.com/@types/react/-/react-16.9.36.tgz#ade589ff51e2a903e34ee4669e05dbfa0c1ce849"
  integrity sha512-mGgUb/Rk/vGx4NCvquRuSH0GHBQKb1OqpGS9cT9lFxlTLHZgkksgI60TuIxubmn7JuCb+sENHhQciqa0npm0AQ==
  dependencies:
    "@types/prop-types" "*"
    csstype "^2.2.0"

csstype@^2.2.0:
  version "2.6.3"
  resolved "https://registry.yarnpkg.com/csstype/-/csstype-2.6.3.tgz#b701e5968245bf9b08d54ac83d00b624e622a9fa"
  integrity sha512-rINUZXOkcBmoHWEyu7JdHu5JMzkGRoMX4ov9830WNgxf5UYxcBUO0QTKAqeJ5EZfSdlrcJYkC8WwfVW7JYi4yg==
